// !$*UTF8*$!
{
	archiveVersion = 1;
	classes = {
	};
	objectVersion = 50;
	objects = {

/* Begin PBXBuildFile section */
		9B52A8D4235BB98E005AA6AE /* main.swift in Sources */ = {isa = PBXBuildFile; fileRef = 9B52A8D3235BB98E005AA6AE /* main.swift */; };
		9B52A8DB235BBA5E005AA6AE /* Bill.swift in Sources */ = {isa = PBXBuildFile; fileRef = 9B52A8DA235BBA5E005AA6AE /* Bill.swift */; };
		9BD9527E235BBC1200DC24F0 /* IPrintable.swift in Sources */ = {isa = PBXBuildFile; fileRef = 9BD9527D235BBC1200DC24F0 /* IPrintable.swift */; };
		9BD95280235BBCFE00DC24F0 /* Internet.swift in Sources */ = {isa = PBXBuildFile; fileRef = 9BD9527F235BBCFE00DC24F0 /* Internet.swift */; };
		9BD95282235BBE8000DC24F0 /* Hydro.swift in Sources */ = {isa = PBXBuildFile; fileRef = 9BD95281235BBE8000DC24F0 /* Hydro.swift */; };
		9BD95284235BBF2200DC24F0 /* Mobile.swift in Sources */ = {isa = PBXBuildFile; fileRef = 9BD95283235BBF2200DC24F0 /* Mobile.swift */; };
		9BD95286235BC0B000DC24F0 /* Customer.swift in Sources */ = {isa = PBXBuildFile; fileRef = 9BD95285235BC0B000DC24F0 /* Customer.swift */; };
/* End PBXBuildFile section */

/* Begin PBXCopyFilesBuildPhase section */
		9B52A8CE235BB98E005AA6AE /* CopyFiles */ = {
			isa = PBXCopyFilesBuildPhase;
			buildActionMask = 2147483647;
			dstPath = /usr/share/man/man1/;
			dstSubfolderSpec = 0;
			files = (
			);
			runOnlyForDeploymentPostprocessing = 1;
		};
/* End PBXCopyFilesBuildPhase section */

/* Begin PBXFileReference section */
		9B52A8D0235BB98E005AA6AE /* C0757769_F2019_MID_TERM_MAD3004 */ = {isa = PBXFileReference; explicitFileType = "compiled.mach-o.executable"; includeInIndex = 0; path = C0757769_F2019_MID_TERM_MAD3004; sourceTree = BUILT_PRODUCTS_DIR; };
		9B52A8D3235BB98E005AA6AE /* main.swift */ = {isa = PBXFileReference; lastKnownFileType = sourcecode.swift; path = main.swift; sourceTree = "<group>"; };
		9B52A8DA235BBA5E005AA6AE /* Bill.swift */ = {isa = PBXFileReference; lastKnownFileType = sourcecode.swift; path = Bill.swift; sourceTree = "<group>"; };
		9BD9527D235BBC1200DC24F0 /* IPrintable.swift */ = {isa = PBXFileReference; lastKnownFileType = sourcecode.swift; path = IPrintable.swift; sourceTree = "<group>"; };
		9BD9527F235BBCFE00DC24F0 /* Internet.swift */ = {isa = PBXFileReference; lastKnownFileType = sourcecode.swift; path = Internet.swift; sourceTree = "<group>"; };
		9BD95281235BBE8000DC24F0 /* Hydro.swift */ = {isa = PBXFileReference; lastKnownFileType = sourcecode.swift; path = Hydro.swift; sourceTree = "<group>"; };
		9BD95283235BBF2200DC24F0 /* Mobile.swift */ = {isa = PBXFileReference; lastKnownFileType = sourcecode.swift; path = Mobile.swift; sourceTree = "<group>"; };
		9BD95285235BC0B000DC24F0 /* Customer.swift */ = {isa = PBXFileReference; lastKnownFileType = sourcecode.swift; path = Customer.swift; sourceTree = "<group>"; };
/* End PBXFileReference section */

/* Begin PBXFrameworksBuildPhase section */
		9B52A8CD235BB98E005AA6AE /* Frameworks */ = {
			isa = PBXFrameworksBuildPhase;
			buildActionMask = 2147483647;
			files = (
			);
			runOnlyForDeploymentPostprocessing = 0;
		};
/* End PBXFrameworksBuildPhase section */

/* Begin PBXGroup section */
		9B52A8C7235BB98E005AA6AE = {
			isa = PBXGroup;
			children = (
				9B52A8D2235BB98E005AA6AE /* C0757769_F2019_MID_TERM_MAD3004 */,
				9B52A8D1235BB98E005AA6AE /* Products */,
			);
			sourceTree = "<group>";
		};
		9B52A8D1235BB98E005AA6AE /* Products */ = {
			isa = PBXGroup;
			children = (
				9B52A8D0235BB98E005AA6AE /* C0757769_F2019_MID_TERM_MAD3004 */,
			);
			name = Products;
			sourceTree = "<group>";
		};
		9B52A8D2235BB98E005AA6AE /* C0757769_F2019_MID_TERM_MAD3004 */ = {
			isa = PBXGroup;
			children = (
				9B52A8D3235BB98E005AA6AE /* main.swift */,
				9B52A8DA235BBA5E005AA6AE /* Bill.swift */,
				9BD9527D235BBC1200DC24F0 /* IPrintable.swift */,
				9BD9527F235BBCFE00DC24F0 /* Internet.swift */,
				9BD95281235BBE8000DC24F0 /* Hydro.swift */,
				9BD95283235BBF2200DC24F0 /* Mobile.swift */,
				9BD95285235BC0B000DC24F0 /* Customer.swift */,
			);
			path = C0757769_F2019_MID_TERM_MAD3004;
			sourceTree = "<group>";
		};
/* End PBXGroup section */

/* Begin PBXNativeTarget section */
		9B52A8CF235BB98E005AA6AE /* C0757769_F2019_MID_TERM_MAD3004 */ = {
			isa = PBXNativeTarget;
			buildConfigurationList = 9B52A8D7235BB98E005AA6AE /* Build configuration list for PBXNativeTarget "C0757769_F2019_MID_TERM_MAD3004" */;
			buildPhases = (
				9B52A8CC235BB98E005AA6AE /* Sources */,
				9B52A8CD235BB98E005AA6AE /* Frameworks */,
				9B52A8CE235BB98E005AA6AE /* CopyFiles */,
			);
			buildRules = (
			);
			dependencies = (
			);
			name = C0757769_F2019_MID_TERM_MAD3004;
			productName = C0757769_F2019_MID_TERM_MAD3004;
			productReference = 9B52A8D0235BB98E005AA6AE /* C0757769_F2019_MID_TERM_MAD3004 */;
			productType = "com.apple.product-type.tool";
		};
/* End PBXNativeTarget section */

/* Begin PBXProject section */
		9B52A8C8235BB98E005AA6AE /* Project object */ = {
			isa = PBXProject;
			attributes = {
				LastSwiftUpdateCheck = 1030;
				LastUpgradeCheck = 1030;
				ORGANIZATIONNAME = MacStudent;
				TargetAttributes = {
					9B52A8CF235BB98E005AA6AE = {
						CreatedOnToolsVersion = 10.3;
					};
				};
			};
			buildConfigurationList = 9B52A8CB235BB98E005AA6AE /* Build configuration list for PBXProject "C0757769_F2019_MID_TERM_MAD3004" */;
			compatibilityVersion = "Xcode 9.3";
			developmentRegion = en;
			hasScannedForEncodings = 0;
			knownRegions = (
				en,
			);
			mainGroup = 9B52A8C7235BB98E005AA6AE;
			productRefGroup = 9B52A8D1235BB98E005AA6AE /* Products */;
			projectDirPath = "";
			projectRoot = "";
			targets = (
				9B52A8CF235BB98E005AA6AE /* C0757769_F2019_MID_TERM_MAD3004 */,
			);
		};
/* End PBXProject section */

/* Begin PBXSourcesBuildPhase section */
		9B52A8CC235BB98E005AA6AE /* Sources */ = {
			isa = PBXSourcesBuildPhase;
			buildActionMask = 2147483647;
			files = (
				9BD95282235BBE8000DC24F0 /* Hydro.swift in Sources */,
				9BD95286235BC0B000DC24F0 /* Customer.swift in Sources */,
				9BD9527E235BBC1200DC24F0 /* IPrintable.swift in Sources */,
				9B52A8DB235BBA5E005AA6AE /* Bill.swift in Sources */,
				9BD95284235BBF2200DC24F0 /* Mobile.swift in Sources */,
				9BD95280235BBCFE00DC24F0 /* Internet.swift in Sources */,
				9B52A8D4235BB98E005AA6AE /* main.swift in Sources */,
			);
			runOnlyForDeploymentPostprocessing = 0;
		};
/* End PBXSourcesBuildPhase section */

/* Begin XCBuildConfiguration section */
		9B52A8D5235BB98E005AA6AE /* Debug */ = {
			isa = XCBuildConfiguration;
			buildSettings = {
				ALWAYS_SEARCH_USER_PATHS = NO;
				CLANG_ANALYZER_NONNULL = YES;
				CLANG_ANALYZER_NUMBER_OBJECT_CONVERSION = YES_AGGRESSIVE;
				CLANG_CXX_LANGUAGE_STANDARD = "gnu++14";
				CLANG_CXX_LIBRARY = "libc++";
				CLANG_ENABLE_MODULES = YES;
				CLANG_ENABLE_OBJC_ARC = YES;
				CLANG_ENABLE_OBJC_WEAK = YES;
				CLANG_WARN_BLOCK_CAPTURE_AUTORELEASING = YES;
				CLANG_WARN_BOOL_CONVERSION = YES;
				CLANG_WARN_COMMA = YES;
				CLANG_WARN_CONSTANT_CONVERSION = YES;
				CLANG_WARN_DEPRECATED_OBJC_IMPLEMENTATIONS = YES;
				CLANG_WARN_DIRECT_OBJC_ISA_USAGE = YES_ERROR;
				CLANG_WARN_DOCUMENTATION_COMMENTS = YES;
				CLANG_WARN_EMPTY_BODY = YES;
				CLANG_WARN_ENUM_CONVERSION = YES;
				CLANG_WARN_INFINITE_RECURSION = YES;
				CLANG_WARN_INT_CONVERSION = YES;
				CLANG_WARN_NON_LITERAL_NULL_CONVERSION = YES;
				CLANG_WARN_OBJC_IMPLICIT_RETAIN_SELF = YES;
				CLANG_WARN_OBJC_LITERAL_CONVERSION = YES;
				CLANG_WARN_OBJC_ROOT_CLASS = YES_ERROR;
				CLANG_WARN_RANGE_LOOP_ANALYSIS = YES;
				CLANG_WARN_STRICT_PROTOTYPES = YES;
				CLANG_WARN_SUSPICIOUS_MOVE = YES;
				CLANG_WARN_UNGUARDED_AVAILABILITY = YES_AGGRESSIVE;
				CLANG_WARN_UNREACHABLE_CODE = YES;
				CLANG_WARN__DUPLICATE_METHOD_MATCH = YES;
				CODE_SIGN_IDENTITY = "-";
				COPY_PHASE_STRIP = NO;
				DEBUG_INFORMATION_FORMAT = dwarf;
				ENABLE_STRICT_OBJC_MSGSEND = YES;
				ENABLE_TESTABILITY = YES;
				GCC_C_LANGUAGE_STANDARD = gnu11;
				GCC_DYNAMIC_NO_PIC = NO;
				GCC_NO_COMMON_BLOCKS = YES;
				GCC_OPTIMIZATION_LEVEL = 0;
				GCC_PREPROCESSOR_DEFINITIONS = (
					"DEBUG=1",
					"$(inherited)",
				);
				GCC_WARN_64_TO_32_BIT_CONVERSION = YES;
				GCC_WARN_ABOUT_RETURN_TYPE = YES_ERROR;
				GCC_WARN_UNDECLARED_SELECTOR = YES;
				GCC_WARN_UNINITIALIZED_AUTOS = YES_AGGRESSIVE;
				GCC_WARN_UNUSED_FUNCTION = YES;
				GCC_WARN_UNUSED_VARIABLE = YES;
				MACOSX_DEPLOYMENT_TARGET = 10.14;
				MTL_ENABLE_DEBUG_INFO = INCLUDE_SOURCE;
				MTL_FAST_MATH = YES;
				ONLY_ACTIVE_ARCH = YES;
				SDKROOT = macosx;
				SWIFT_ACTIVE_COMPILATION_CONDITIONS = DEBUG;
				SWIFT_OPTIMIZATION_LEVEL = "-Onone";
			};
			name = Debug;
		};
		9B52A8D6235BB98E005AA6AE /* Release */ = {
			isa = XCBuildConfiguration;
			buildSettings = {
				ALWAYS_SEARCH_USER_PATHS = NO;
				CLANG_ANALYZER_NONNULL = YES;
				CLANG_ANALYZER_NUMBER_OBJECT_CONVERSION = YES_AGGRESSIVE;
				CLANG_CXX_LANGUAGE_STANDARD = "gnu++14";
				CLANG_CXX_LIBRARY = "libc++";
				CLANG_ENABLE_MODULES = YES;
				CLANG_ENABLE_OBJC_ARC = YES;
				CLANG_ENABLE_OBJC_WEAK = YES;
				CLANG_WARN_BLOCK_CAPTURE_AUTORELEASING = YES;
				CLANG_WARN_BOOL_CONVERSION = YES;
				CLANG_WARN_COMMA = YES;
				CLANG_WARN_CONSTANT_CONVERSION = YES;
				CLANG_WARN_DEPRECATED_OBJC_IMPLEMENTATIONS = YES;
				CLANG_WARN_DIRECT_OBJC_ISA_USAGE = YES_ERROR;
				CLANG_WARN_DOCUMENTATION_COMMENTS = YES;
				CLANG_WARN_EMPTY_BODY = YES;
				CLANG_WARN_ENUM_CONVERSION = YES;
				CLANG_WARN_INFINITE_RECURSION = YES;
				CLANG_WARN_INT_CONVERSION = YES;
				CLANG_WARN_NON_LITERAL_NULL_CONVERSION = YES;
				CLANG_WARN_OBJC_IMPLICIT_RETAIN_SELF = YES;
				CLANG_WARN_OBJC_LITERAL_CONVERSION = YES;
				CLANG_WARN_OBJC_ROOT_CLASS = YES_ERROR;
				CLANG_WARN_RANGE_LOOP_ANALYSIS = YES;
				CLANG_WARN_STRICT_PROTOTYPES = YES;
				CLANG_WARN_SUSPICIOUS_MOVE = YES;
				CLANG_WARN_UNGUARDED_AVAILABILITY = YES_AGGRESSIVE;
				CLANG_WARN_UNREACHABLE_CODE = YES;
				CLANG_WARN__DUPLICATE_METHOD_MATCH = YES;
				CODE_SIGN_IDENTITY = "-";
				COPY_PHASE_STRIP = NO;
				DEBUG_INFORMATION_FORMAT = "dwarf-with-dsym";
				ENABLE_NS_ASSERTIONS = NO;
				ENABLE_STRICT_OBJC_MSGSEND = YES;
				GCC_C_LANGUAGE_STANDARD = gnu11;
				GCC_NO_COMMON_BLOCKS = YES;
				GCC_WARN_64_TO_32_BIT_CONVERSION = YES;
				GCC_WARN_ABOUT_RETURN_TYPE = YES_ERROR;
				GCC_WARN_UNDECLARED_SELECTOR = YES;
				GCC_WARN_UNINITIALIZED_AUTOS = YES_AGGRESSIVE;
				GCC_WARN_UNUSED_FUNCTION = YES;
				GCC_WARN_UNUSED_VARIABLE = YES;
				MACOSX_DEPLOYMENT_TARGET = 10.14;
				MTL_ENABLE_DEBUG_INFO = NO;
				MTL_FAST_MATH = YES;
				SDKROOT = macosx;
				SWIFT_COMPILATION_MODE = wholemodule;
				SWIFT_OPTIMIZATION_LEVEL = "-O";
			};
			name = Release;
		};
		9B52A8D8235BB98E005AA6AE /* Debug */ = {
			isa = XCBuildConfiguration;
			buildSettings = {
				CODE_SIGN_STYLE = Automatic;
				PRODUCT_NAME = "$(TARGET_NAME)";
				SWIFT_VERSION = 5.0;
			};
			name = Debug;
		};
		9B52A8D9235BB98E005AA6AE /* Release */ = {
			isa = XCBuildConfiguration;
			buildSettings = {
				CODE_SIGN_STYLE = Automatic;
				PRODUCT_NAME = "$(TARGET_NAME)";
				SWIFT_VERSION = 5.0;
			};
			name = Release;
		};
/* End XCBuildConfiguration section */

/* Begin XCConfigurationList section */
		9B52A8CB235BB98E005AA6AE /* Build configuration list for PBXProject "C0757769_F2019_MID_TERM_MAD3004" */ = {
			isa = XCConfigurationList;
			buildConfigurations = (
				9B52A8D5235BB98E005AA6AE /* Debug */,
				9B52A8D6235BB98E005AA6AE /* Release */,
			);
			defaultConfigurationIsVisible = 0;
			defaultConfigurationName = Release;
		};
		9B52A8D7235BB98E005AA6AE /* Build configuration list for PBXNativeTarget "C0757769_F2019_MID_TERM_MAD3004" */ = {
			isa = XCConfigurationList;
			buildConfigurations = (
				9B52A8D8235BB98E005AA6AE /* Debug */,
				9B52A8D9235BB98E005AA6AE /* Release */,
			);
			defaultConfigurationIsVisible = 0;
			defaultConfigurationName = Release;
		};
/* End XCConfigurationList section */
	};
	rootObject = 9B52A8C8235BB98E005AA6AE /* Project object */;
}
